
Microsoft Visual Studio Solution File, Format Version 12.00
# Visual Studio 15
VisualStudioVersion = 15.0.26403.3
MinimumVisualStudioVersion = 10.0.40219.1
Project("{FAE04EC0-301F-11D3-BF4B-00C04F79EFBC}") = "PathAdd.Installer", "PathAdd.Installer\PathAdd.Installer.csproj", "{CAE4093A-C407-461C-B63B-B9ADDD1CF842}"
	ProjectSection(ProjectDependencies) = postProject
		{627EFECD-ADE9-4BC8-A414-E1BBACCB1179} = {627EFECD-ADE9-4BC8-A414-E1BBACCB1179}
	EndProjectSection
EndProject
Project("{FAE04EC0-301F-11D3-BF4B-00C04F79EFBC}") = "PathAdd", "PathAdd\PathAdd.csproj", "{627EFECD-ADE9-4BC8-A414-E1BBACCB1179}"
EndProject
Global
	GlobalSection(SolutionConfigurationPlatforms) = preSolution
		Debug|Any CPU = Debug|Any CPU
		Release|Any CPU = Release|Any CPU
	EndGlobalSection
	GlobalSection(ProjectConfigurationPlatforms) = postSolution
		{CAE4093A-C407-461C-B63B-B9ADDD1CF842}.Debug|Any CPU.ActiveCfg = Debug|Any CPU
		{CAE4093A-C407-461C-B63B-B9ADDD1CF842}.Debug|Any CPU.Build.0 = Debug|Any CPU
		{CAE4093A-C407-461C-B63B-B9ADDD1CF842}.Release|Any CPU.ActiveCfg = Release|Any CPU
		{CAE4093A-C407-461C-B63B-B9ADDD1CF842}.Release|Any CPU.Build.0 = Release|Any CPU
		{627EFECD-ADE9-4BC8-A414-E1BBACCB1179}.Debug|Any CPU.ActiveCfg = Debug|Any CPU
		{627EFECD-ADE9-4BC8-A414-E1BBACCB1179}.Debug|Any CPU.Build.0 = Debug|Any CPU
		{627EFECD-ADE9-4BC8-A414-E1BBACCB1179}.Release|Any CPU.ActiveCfg = Release|Any CPU
		{627EFECD-ADE9-4BC8-A414-E1BBACCB1179}.Release|Any CPU.Build.0 = Release|Any CPU
	EndGlobalSection
	GlobalSection(SolutionProperties) = preSolution
		HideSolutionNode = FALSE
	EndGlobalSection
EndGlobal
